
Microsoft Visual Studio Solution File, Format Version 12.00
# Visual Studio 15
VisualStudioVersion = 15.0.28010.2041
MinimumVisualStudioVersion = 10.0.40219.1
Project("{FAE04EC0-301F-11D3-BF4B-00C04F79EFBC}") = "DllLoader", "DllLoader\DllLoader.csproj", "{21D08977-8FE0-46D8-BC38-B1EE994BAC71}"
EndProject
Project("{8BC9CEB8-8B4A-11D0-8D11-00A0C91BC942}") = "PrintDebugDll", "PrintDebugDll\PrintDebugDll.vcxproj", "{AC22BEB1-9EB5-46F2-BFE1-0854DEE4BB2E}"
EndProject
Global
	GlobalSection(SolutionConfigurationPlatforms) = preSolution
		Debug|x64 = Debug|x64
		Debug|x86 = Debug|x86
		Release|x64 = Release|x64
		Release|x86 = Release|x86
	EndGlobalSection
	GlobalSection(ProjectConfigurationPlatforms) = postSolution
		{21D08977-8FE0-46D8-BC38-B1EE994BAC71}.Debug|x64.ActiveCfg = Debug|Any CPU
		{21D08977-8FE0-46D8-BC38-B1EE994BAC71}.Debug|x64.Build.0 = Debug|Any CPU
		{21D08977-8FE0-46D8-BC38-B1EE994BAC71}.Debug|x86.ActiveCfg = Debug|Any CPU
		{21D08977-8FE0-46D8-BC38-B1EE994BAC71}.Debug|x86.Build.0 = Debug|Any CPU
		{21D08977-8FE0-46D8-BC38-B1EE994BAC71}.Release|x64.ActiveCfg = Release|Any CPU
		{21D08977-8FE0-46D8-BC38-B1EE994BAC71}.Release|x64.Build.0 = Release|Any CPU
		{21D08977-8FE0-46D8-BC38-B1EE994BAC71}.Release|x86.ActiveCfg = Release|Any CPU
		{21D08977-8FE0-46D8-BC38-B1EE994BAC71}.Release|x86.Build.0 = Release|Any CPU
		{AC22BEB1-9EB5-46F2-BFE1-0854DEE4BB2E}.Debug|x64.ActiveCfg = Debug|x64
		{AC22BEB1-9EB5-46F2-BFE1-0854DEE4BB2E}.Debug|x64.Build.0 = Debug|x64
		{AC22BEB1-9EB5-46F2-BFE1-0854DEE4BB2E}.Debug|x86.ActiveCfg = Debug|Win32
		{AC22BEB1-9EB5-46F2-BFE1-0854DEE4BB2E}.Debug|x86.Build.0 = Debug|Win32
		{AC22BEB1-9EB5-46F2-BFE1-0854DEE4BB2E}.Release|x64.ActiveCfg = Release|x64
		{AC22BEB1-9EB5-46F2-BFE1-0854DEE4BB2E}.Release|x64.Build.0 = Release|x64
		{AC22BEB1-9EB5-46F2-BFE1-0854DEE4BB2E}.Release|x86.ActiveCfg = Release|Win32
		{AC22BEB1-9EB5-46F2-BFE1-0854DEE4BB2E}.Release|x86.Build.0 = Release|Win32
	EndGlobalSection
	GlobalSection(SolutionProperties) = preSolution
		HideSolutionNode = FALSE
	EndGlobalSection
	GlobalSection(ExtensibilityGlobals) = postSolution
		SolutionGuid = {89E154F9-243F-4677-BF61-2FFDA33ECC52}
	EndGlobalSection
EndGlobal
